PODS:
  - audioplayers (0.0.1):
    - Flutter
  - connectivity (0.0.1):
    - Flutter
    - Reachability
  - device_calendar (0.0.1):
    - Flutter
  - Flutter (1.0.0)
  - flutter_mailer (0.0.1):
    - Flutter
  - flutter_youtube (0.0.1):
    - Flutter
    - XCDYouTubeKit
  - image_picker (0.0.1):
    - Flutter
  - path_provider (0.0.1):
    - Flutter
  - printing (0.0.1):
    - Flutter
  - Reachability (3.2)
  - share (0.5.2):
    - Flutter
  - shared_preferences (0.0.1):
    - Flutter
  - video_player (0.0.1):
    - Flutter
  - XCDYouTubeKit (2.5.6)

DEPENDENCIES:
  - audioplayers (from `.symlinks/plugins/audioplayers/ios`)
  - connectivity (from `.symlinks/plugins/connectivity/ios`)
  - device_calendar (from `.symlinks/plugins/device_calendar/ios`)
  - Flutter (from `.symlinks/flutter/ios`)
  - flutter_mailer (from `.symlinks/plugins/flutter_mailer/ios`)
  - flutter_youtube (from `.symlinks/plugins/flutter_youtube/ios`)
  - image_picker (from `.symlinks/plugins/image_picker/ios`)
  - path_provider (from `.symlinks/plugins/path_provider/ios`)
  - printing (from `.symlinks/plugins/printing/ios`)
  - share (from `.symlinks/plugins/share/ios`)
  - shared_preferences (from `.symlinks/plugins/shared_preferences/ios`)
  - video_player (from `.symlinks/plugins/video_player/ios`)

SPEC REPOS:
  https://github.com/cocoapods/specs.git:
    - Reachability
    - XCDYouTubeKit

EXTERNAL SOURCES:
  audioplayers:
    :path: ".symlinks/plugins/audioplayers/ios"
  connectivity:
    :path: ".symlinks/plugins/connectivity/ios"
  device_calendar:
    :path: ".symlinks/plugins/device_calendar/ios"
  Flutter:
    :path: ".symlinks/flutter/ios"
  flutter_mailer:
    :path: ".symlinks/plugins/flutter_mailer/ios"
  flutter_youtube:
    :path: ".symlinks/plugins/flutter_youtube/ios"
  image_picker:
    :path: ".symlinks/plugins/image_picker/ios"
  path_provider:
    :path: ".symlinks/plugins/path_provider/ios"
  printing:
    :path: ".symlinks/plugins/printing/ios"
  share:
    :path: ".symlinks/plugins/share/ios"
  shared_preferences:
    :path: ".symlinks/plugins/shared_preferences/ios"
  video_player:
    :path: ".symlinks/plugins/video_player/ios"

SPEC CHECKSUMS:
  audioplayers: def111f6a23e00d9d103563b07de5e44a727bd3c
  connectivity: d5992e3758d68b1c4b12d6e012fe0813f1aa1645
  device_calendar: 3489adaccf26d7c3aab29c77e97b01e4b7cb06ee
  Flutter: 9d0fac939486c9aba2809b7982dfdbb47a7b0296
  flutter_mailer: 50b784b3f3470f58902293bed02274fb45df800d
  flutter_youtube: e237870de392a5ee800e9c36a13796ed887718b2
  image_picker: ee00aab0487cedc80a304085219503cc6d0f2e22
  path_provider: 09407919825bfe3c2deae39453b7a5b44f467873
  printing: 8bdbfd676dbb5abd3e5f65f355534d55972d180e
  Reachability: 33e18b67625424e47b6cde6d202dce689ad7af96
  share: 222b5dcc8031238af9d7de91149df65bad1aef75
  shared_preferences: 5a1d487c427ee18fcd3ea1f2a131569481834b53
  video_player: 906796a841943c8d370ac7c13b18039aa9b56498
  XCDYouTubeKit: dccfe0c17dd5c5187969ec27e93069573badb08f

PODFILE CHECKSUM: 7765ea4305eaab0b3dfd384c7de11902aa3195fd

COCOAPODS: 1.5.3
